<Solution>
  <Configurations>
    <BuildType Name="Debug" />
    <BuildType Name="Default" />
    <BuildType Name="Release" />
  </Configurations>
  <Project Path="CSharp/CSharp/CSharp.csproj">
    <BuildType Solution="Default|*" Project="Release" />
    <Build Solution="Default|*" Project="false" />
  </Project>
</Solution>
